{
  "name": "@netlify/hydrogen-edge-adapter",
  "version": "1.2.0",
  "lockfileVersion": 3,
  "requires": true,
  "packages": {
    "": {
      "name": "@netlify/hydrogen-edge-adapter",
      "version": "1.2.0",
      "license": "MIT",
      "dependencies": {
        "@netlify/remix-runtime": "^1.1.0",
        "@shopify/remix-oxygen": "^1.1.1"
      }
    },
    "node_modules/@netlify/remix-runtime": {
      "version": "1.1.0",
      "resolved": "https://registry.npmjs.org/@netlify/remix-runtime/-/remix-runtime-1.1.0.tgz",
      "integrity": "sha512-9v/j6kEvsnaD3uStLVng2HJhWBVjZ78SmiWMpgUVbOJyStrhz5ivqsoU54m47kCwviKXhWt36U8RYczgMgkG+w==",
      "dependencies": {
        "@remix-run/server-runtime": "^1.14.1"
      }
    },
    "node_modules/@remix-run/router": {
      "version": "1.7.0",
      "resolved": "https://registry.npmjs.org/@remix-run/router/-/router-1.7.0.tgz",
      "integrity": "sha512-Eu1V3kz3mV0wUpVTiFHuaT8UD1gj/0VnoFHQYX35xlslQUpe8CuYoKFn9d4WZFHm3yDywz6ALZuGdnUPKrNeAw==",
      "engines": {
        "node": ">=14"
      }
    },
    "node_modules/@remix-run/server-runtime": {
      "version": "1.18.0",
      "resolved": "https://registry.npmjs.org/@remix-run/server-runtime/-/server-runtime-1.18.0.tgz",
      "integrity": "sha512-iiSKgGIWMkvf4ftnjGBmIJpgqxRwv8XQilAINapaYsx1zEM6egZGYE6WvaxLuRQSceZZNgLAYzL48TmK+DAU5g==",
      "dependencies": {
        "@remix-run/router": "1.7.0",
        "@types/cookie": "^0.4.1",
        "@web3-storage/multipart-parser": "^1.0.0",
        "cookie": "^0.4.1",
        "set-cookie-parser": "^2.4.8",
        "source-map": "^0.7.3"
      },
      "engines": {
        "node": ">=14.0.0"
      }
    },
    "node_modules/@shopify/oxygen-workers-types": {
      "version": "3.17.2",
      "resolved": "https://registry.npmjs.org/@shopify/oxygen-workers-types/-/oxygen-workers-types-3.17.2.tgz",
      "integrity": "sha512-spjGvV/XDAQ/B5iLwInJNqP2ltuU+bsqd25bSucHtJoC5+zoFKLl+uq0+g3zo/cMkZXwxzfY39m++DotDbLCtA==",
      "peer": true
    },
    "node_modules/@shopify/remix-oxygen": {
      "version": "1.1.1",
      "resolved": "https://registry.npmjs.org/@shopify/remix-oxygen/-/remix-oxygen-1.1.1.tgz",
      "integrity": "sha512-v0mKgb6h12o/kO30jR/c4zasel0/tr+Y5Cy6+LZCJFDpdjr9N34D48uF/07v2lfZ51V0Y5Ee6fR8okUb8B49AQ==",
      "dependencies": {
        "@remix-run/server-runtime": "1.17.1"
      },
      "peerDependencies": {
        "@shopify/oxygen-workers-types": "^3.17.2"
      }
    },
    "node_modules/@shopify/remix-oxygen/node_modules/@remix-run/router": {
      "version": "1.6.3",
      "resolved": "https://registry.npmjs.org/@remix-run/router/-/router-1.6.3.tgz",
      "integrity": "sha512-EXJysQ7J3veRECd0kZFQwYYd5sJMcq2O/m60zu1W2l3oVQ9xtub8jTOtYRE0+M2iomyG/W3Ps7+vp2kna0C27Q==",
      "engines": {
        "node": ">=14"
      }
    },
    "node_modules/@shopify/remix-oxygen/node_modules/@remix-run/server-runtime": {
      "version": "1.17.1",
      "resolved": "https://registry.npmjs.org/@remix-run/server-runtime/-/server-runtime-1.17.1.tgz",
      "integrity": "sha512-PuLDaf7WmrOaQzM70yCcM6Jm+g+UHzeBFvocxdqohJnO/8+/n5pFIKHwhooqcSq2TR0WtVpSVhCakdywiOH2mA==",
      "dependencies": {
        "@remix-run/router": "1.6.3",
        "@web3-storage/multipart-parser": "^1.0.0",
        "cookie": "^0.4.1",
        "set-cookie-parser": "^2.4.8",
        "source-map": "^0.7.3"
      },
      "engines": {
        "node": ">=14"
      }
    },
    "node_modules/@types/cookie": {
      "version": "0.4.1",
      "resolved": "https://registry.npmjs.org/@types/cookie/-/cookie-0.4.1.tgz",
      "integrity": "sha512-XW/Aa8APYr6jSVVA1y/DEIZX0/GMKLEVekNG727R8cs56ahETkRAy/3DR7+fJyh7oUgGwNQaRfXCun0+KbWY7Q=="
    },
    "node_modules/@web3-storage/multipart-parser": {
      "version": "1.0.0",
      "resolved": "https://registry.npmjs.org/@web3-storage/multipart-parser/-/multipart-parser-1.0.0.tgz",
      "integrity": "sha512-BEO6al7BYqcnfX15W2cnGR+Q566ACXAT9UQykORCWW80lmkpWsnEob6zJS1ZVBKsSJC8+7vJkHwlp+lXG1UCdw=="
    },
    "node_modules/cookie": {
      "version": "0.4.2",
      "resolved": "https://registry.npmjs.org/cookie/-/cookie-0.4.2.tgz",
      "integrity": "sha512-aSWTXFzaKWkvHO1Ny/s+ePFpvKsPnjc551iI41v3ny/ow6tBG5Vd+FuqGNhh1LxOmVzOlGUriIlOaokOvhaStA==",
      "engines": {
        "node": ">= 0.6"
      }
    },
    "node_modules/set-cookie-parser": {
      "version": "2.6.0",
      "resolved": "https://registry.npmjs.org/set-cookie-parser/-/set-cookie-parser-2.6.0.tgz",
      "integrity": "sha512-RVnVQxTXuerk653XfuliOxBP81Sf0+qfQE73LIYKcyMYHG94AuH0kgrQpRDuTZnSmjpysHmzxJXKNfa6PjFhyQ=="
    },
    "node_modules/source-map": {
      "version": "0.7.4",
      "resolved": "https://registry.npmjs.org/source-map/-/source-map-0.7.4.tgz",
      "integrity": "sha512-l3BikUxvPOcn5E74dZiq5BGsTb5yEwhaTSzccU6t4sDOH8NWJCstKO5QT2CvtFoK6F0saL7p9xHAqHOlCPJygA==",
      "engines": {
        "node": ">= 8"
      }
    }
  }
}
